# This file is automatically @generated by Cargo.
# It is not intended for manual editing.
version = 4

[[package]]
name = "cadxfer"
version = "0.1.0"
dependencies = [
 "cadxfer-core",
 "cadxfer-formats",
]

[[package]]
name = "cadxfer-bdf"
version = "0.1.0"
dependencies = [
 "cadxfer-core",
]

[[package]]
name = "cadxfer-core"
version = "0.1.0"

[[package]]
name = "cadxfer-formats"
version = "0.1.0"
dependencies = [
 "cadxfer-bdf",
 "cadxfer-core",
 "cadxfer-vtu",
]

[[package]]
name = "cadxfer-vtu"
version = "0.1.0"
dependencies = [
 "cadxfer-core",
]
